<Solution>
  <Folder Name="/app/">
    <Project Path="app/HeuristicLab.Studio/HeuristicLab.Studio.csproj" />
  </Folder>
  <Folder Name="/core/">
    <Project Path="core/HeuristicLab.Algorithms.ALPS/HeuristicLab.Algorithms.ALPS.csproj" />
    <Project Path="core/HeuristicLab.Algorithms.CMAEvolutionStrategy/HeuristicLab.Algorithms.CMAEvolutionStrategy.csproj" />
    <Project Path="core/HeuristicLab.Algorithms.DataAnalysis.DecisionTrees/HeuristicLab.Algorithms.DataAnalysis.DecisionTrees.csproj" />
    <Project Path="core/HeuristicLab.Algorithms.DataAnalysis.Glmnet/HeuristicLab.Algorithms.DataAnalysis.Glmnet.csproj" />
    <Project Path="core/HeuristicLab.Algorithms.DataAnalysis/HeuristicLab.Algorithms.DataAnalysis.csproj" />
    <Project Path="core/HeuristicLab.Algorithms.EvolutionStrategy/HeuristicLab.Algorithms.EvolutionStrategy.csproj" />
    <Project Path="core/HeuristicLab.Algorithms.GeneticAlgorithm/HeuristicLab.Algorithms.GeneticAlgorithm.csproj" />
    <Project Path="core/HeuristicLab.Algorithms.GradientDescent/HeuristicLab.Algorithms.GradientDescent.csproj" />
    <Project Path="core/HeuristicLab.Algorithms.LocalSearch/HeuristicLab.Algorithms.LocalSearch.csproj" />
    <Project Path="core/HeuristicLab.Algorithms.MOCMAEvolutionStrategy/HeuristicLab.Algorithms.MOCMAEvolutionStrategy.csproj" />
    <Project Path="core/HeuristicLab.Algorithms.MultiObjectiveLocalSearch/HeuristicLab.Algorithms.MultiObjectiveLocalSearch.csproj" />
    <Project Path="core/HeuristicLab.Algorithms.NSGA2/HeuristicLab.Algorithms.NSGA2.csproj" />
    <Project Path="core/HeuristicLab.Algorithms.OffspringSelectionEvolutionStrategy/HeuristicLab.Algorithms.OffspringSelectionEvolutionStrategy.csproj" />
    <Project Path="core/HeuristicLab.Algorithms.OffspringSelectionGeneticAlgorithm/HeuristicLab.Algorithms.OffspringSelectionGeneticAlgorithm.csproj" />
    <Project Path="core/HeuristicLab.Algorithms.ParameterlessPopulationPyramid/HeuristicLab.Algorithms.ParameterlessPopulationPyramid.csproj" />
    <Project Path="core/HeuristicLab.Algorithms.ParticleSwarmOptimization/HeuristicLab.Algorithms.ParticleSwarmOptimization.csproj" />
    <Project Path="core/HeuristicLab.Algorithms.RAPGA/HeuristicLab.Algorithms.RAPGA.csproj" />
    <Project Path="core/HeuristicLab.Algorithms.RandomSearch/HeuristicLab.Algorithms.RandomSearch.csproj" />
    <Project Path="core/HeuristicLab.Algorithms.ScatterSearch/HeuristicLab.Algorithms.ScatterSearch.csproj" />
    <Project Path="core/HeuristicLab.Algorithms.SimulatedAnnealing/HeuristicLab.Algorithms.SimulatedAnnealing.csproj" />
    <Project Path="core/HeuristicLab.Algorithms.TabuSearch/HeuristicLab.Algorithms.TabuSearch.csproj" />
    <Project Path="core/HeuristicLab.Algorithms.VariableNeighborhoodSearch/HeuristicLab.Algorithms.VariableNeighborhoodSearch.csproj" />
    <Project Path="core/HeuristicLab.Analysis/HeuristicLab.Analysis.csproj" />
    <Project Path="core/HeuristicLab.Collections/HeuristicLab.Collections.csproj" />
    <Project Path="core/HeuristicLab.Common.Resources/HeuristicLab.Common.Resources.csproj" />
    <Project Path="core/HeuristicLab.Common/HeuristicLab.Common.csproj" />
    <Project Path="core/HeuristicLab.Core/HeuristicLab.Core.csproj" />
    <Project Path="core/HeuristicLab.Data/HeuristicLab.Data.csproj" />
    <Project Path="core/HeuristicLab.DataPreprocessing/HeuristicLab.DataPreprocessing.csproj" />
    <Project Path="core/HeuristicLab.Encodings.BinaryVectorEncoding/HeuristicLab.Encodings.BinaryVectorEncoding.csproj" />
    <Project Path="core/HeuristicLab.Encodings.IntegerVectorEncoding/HeuristicLab.Encodings.IntegerVectorEncoding.csproj" />
    <Project Path="core/HeuristicLab.Encodings.LinearLinkageEncoding/HeuristicLab.Encodings.LinearLinkageEncoding.csproj" />
    <Project Path="core/HeuristicLab.Encodings.PermutationEncoding/HeuristicLab.Encodings.PermutationEncoding.csproj" />
    <Project Path="core/HeuristicLab.Encodings.RealVectorEncoding/HeuristicLab.Encodings.RealVectorEncoding.csproj" />
    <Project Path="core/HeuristicLab.Encodings.ScheduleEncoding/HeuristicLab.Encodings.ScheduleEncoding.csproj" />
    <Project Path="core/HeuristicLab.Encodings.SymbolicExpressionTreeEncoding/HeuristicLab.Encodings.SymbolicExpressionTreeEncoding.csproj" />
    <Project Path="core/HeuristicLab.Operators.Programmable/HeuristicLab.Operators.Programmable.csproj" />
    <Project Path="core/HeuristicLab.Operators/HeuristicLab.Operators.csproj" />
    <Project Path="core/HeuristicLab.Optimization.Operators/HeuristicLab.Optimization.Operators.csproj" />
    <Project Path="core/HeuristicLab.Optimization/HeuristicLab.Optimization.csproj" />
    <Project Path="core/HeuristicLab.ParallelEngine/HeuristicLab.ParallelEngine.csproj" />
    <Project Path="core/HeuristicLab.Parameters/HeuristicLab.Parameters.csproj" />
    <Project Path="core/HeuristicLab.Persistence/HeuristicLab.Persistence.csproj" />
    <Project Path="core/HeuristicLab.PluginInfrastructure/HeuristicLab.PluginInfrastructure.csproj" />
    <Project Path="core/HeuristicLab.Problems.BinPacking/HeuristicLab.Problems.BinPacking.csproj" />
    <Project Path="core/HeuristicLab.Problems.Binary/HeuristicLab.Problems.Binary.csproj" />
    <Project Path="core/HeuristicLab.Problems.DataAnalysis.Symbolic.Classification/HeuristicLab.Problems.DataAnalysis.Symbolic.Classification.csproj" />
    <Project Path="core/HeuristicLab.Problems.DataAnalysis.Symbolic.Regression/HeuristicLab.Problems.DataAnalysis.Symbolic.Regression.csproj" />
    <Project Path="core/HeuristicLab.Problems.DataAnalysis.Symbolic.TimeSeriesPrognosis/HeuristicLab.Problems.DataAnalysis.Symbolic.TimeSeriesPrognosis.csproj" />
    <Project Path="core/HeuristicLab.Problems.DataAnalysis.Symbolic/HeuristicLab.Problems.DataAnalysis.Symbolic.csproj" />
    <Project Path="core/HeuristicLab.Problems.DataAnalysis.Trading/HeuristicLab.Problems.DataAnalysis.Trading.csproj" />
    <Project Path="core/HeuristicLab.Problems.DataAnalysis/HeuristicLab.Problems.DataAnalysis.csproj" />
    <Project Path="core/HeuristicLab.Problems.GeneticProgramming/HeuristicLab.Problems.GeneticProgramming.csproj" />
    <Project Path="core/HeuristicLab.Problems.GrammaticalEvolution/HeuristicLab.Problems.GrammaticalEvolution.csproj" />
    <Project Path="core/HeuristicLab.Problems.GraphColoring/HeuristicLab.Problems.GraphColoring.csproj" />
    <Project Path="core/HeuristicLab.Problems.Instances.CordeauGQAP/HeuristicLab.Problems.Instances.CordeauGQAP.csproj" />
    <Project Path="core/HeuristicLab.Problems.Instances.DIMACS/HeuristicLab.Problems.Instances.DIMACS.csproj" />
    <Project Path="core/HeuristicLab.Problems.Instances.DataAnalysis/HeuristicLab.Problems.Instances.DataAnalysis.csproj" />
    <Project Path="core/HeuristicLab.Problems.Instances.ElloumiCTAP/HeuristicLab.Problems.Instances.ElloumiCTAP.csproj" />
    <Project Path="core/HeuristicLab.Problems.Instances.Orienteering/HeuristicLab.Problems.Instances.Orienteering.csproj" />
    <Project Path="core/HeuristicLab.Problems.Instances.QAPLIB/HeuristicLab.Problems.Instances.QAPLIB.csproj" />
    <Project Path="core/HeuristicLab.Problems.Instances.Scheduling/HeuristicLab.Problems.Instances.Scheduling.csproj" />
    <Project Path="core/HeuristicLab.Problems.Instances.TSPLIB/HeuristicLab.Problems.Instances.TSPLIB.csproj" />
    <Project Path="core/HeuristicLab.Problems.Instances.VehicleRouting/HeuristicLab.Problems.Instances.VehicleRouting.csproj" />
    <Project Path="core/HeuristicLab.Problems.Instances/HeuristicLab.Problems.Instances.csproj" />
    <Project Path="core/HeuristicLab.Problems.Knapsack/HeuristicLab.Problems.Knapsack.csproj" />
    <Project Path="core/HeuristicLab.Problems.LinearAssignment/HeuristicLab.Problems.LinearAssignment.csproj" />
    <Project Path="core/HeuristicLab.Problems.NK/HeuristicLab.Problems.NK.csproj" />
    <Project Path="core/HeuristicLab.Problems.Orienteering/HeuristicLab.Problems.Orienteering.csproj" />
    <Project Path="core/HeuristicLab.Problems.PTSP/HeuristicLab.Problems.PTSP.csproj" />
    <Project Path="core/HeuristicLab.Problems.ParameterOptimization/HeuristicLab.Problems.ParameterOptimization.csproj" />
    <Project Path="core/HeuristicLab.Problems.Programmable/HeuristicLab.Problems.Programmable.csproj" />
    <Project Path="core/HeuristicLab.Problems.QuadraticAssignment.Algorithms/HeuristicLab.Problems.QuadraticAssignment.Algorithms.csproj" />
    <Project Path="core/HeuristicLab.Problems.QuadraticAssignment/HeuristicLab.Problems.QuadraticAssignment.csproj" />
    <Project Path="core/HeuristicLab.Problems.Scheduling/HeuristicLab.Problems.Scheduling.csproj" />
    <Project Path="core/HeuristicLab.Problems.TestFunctions.MultiObjective/HeuristicLab.Problems.TestFunctions.MultiObjective.csproj" />
    <Project Path="core/HeuristicLab.Problems.TestFunctions/HeuristicLab.Problems.TestFunctions.csproj" />
    <Project Path="core/HeuristicLab.Problems.TravelingSalesman/HeuristicLab.Problems.TravelingSalesman.csproj" />
    <Project Path="core/HeuristicLab.Problems.VehicleRouting/HeuristicLab.Problems.VehicleRouting.csproj" />
    <Project Path="core/HeuristicLab.Random/HeuristicLab.Random.csproj" />
    <Project Path="core/HeuristicLab.Scripting/HeuristicLab.Scripting.csproj" />
    <Project Path="core/HeuristicLab.Selection/HeuristicLab.Selection.csproj" />
    <Project Path="core/HeuristicLab.SequentialEngine/HeuristicLab.SequentialEngine.csproj" />
    <Project Path="core/HeuristicLab.Tracing/HeuristicLab.Tracing.csproj" />
    <Project Path="core/HeuristicLab.Visualization.ChartControlsExtensions/HeuristicLab.Visualization.ChartControlsExtensions.csproj" />
  </Folder>
  <Folder Name="/runtime/">
    <Project Path="runtime/HeuristicLab.Next.Runtime/HeuristicLab.Next.Runtime.csproj" />
  </Folder>
  <Folder Name="/tests/">
    <Project Path="tests/HeuristicLab.Next.Runtime.Tests/HeuristicLab.Next.Runtime.Tests.csproj" />
    <Project Path="tests/HeuristicLab.Tests/HeuristicLab.Tests.csproj" />
  </Folder>
  <Folder Name="/extlibs/">
    <Project Path="extlibs/HEAL.Attic/HEAL.Attic.csproj" />
    <Project Path="extlibs/ALGLIB-3.17.0/ALGLIB-3.17.0.csproj" />
    <Project Path="extlibs/ALGLIB-3.7.0/ALGLIB-3.7.0.csproj" />
    <Project Path="extlibs/AutoDiff-1.0/AutoDiff-1.0.csproj" />
    <Project Path="extlibs/HeuristicLab.Problems.DataAnalysis.Symbolic.NativeInterpreter-0.2/HeuristicLab.Problems.DataAnalysis.Symbolic.NativeInterpreter-0.2.csproj" />
    <Project Path="extlibs/LibSVM-3.12/LibSVM-3.12.csproj" />
  </Folder>
</Solution>
